
Microsoft Visual Studio Solution File, Format Version 12.00
# Visual Studio Version 16
VisualStudioVersion = 16.0.30320.27
MinimumVisualStudioVersion = 10.0.40219.1
Project("{9A19103F-16F7-4668-BE54-9A1E7A4F7556}") = "PIM.Pessoas", "PIM.Pessoas.csproj", "{B75E50E4-5D38-4A25-A343-090520B2CF84}"
EndProject
Project("{2150E333-8FDC-42A3-9474-1A3956D46DE8}") = "PIM.Pessoas.Scripts", "PIM.Pessoas.Scripts", "{C234CA87-691B-4D13-930D-6BE89EA1A3AC}"
	ProjectSection(SolutionItems) = preProject
		SqlQuery_1.sql = SqlQuery_1.sql
	EndProjectSection
EndProject
Global
	GlobalSection(SolutionConfigurationPlatforms) = preSolution
		Debug|Any CPU = Debug|Any CPU
		Release|Any CPU = Release|Any CPU
	EndGlobalSection
	GlobalSection(ProjectConfigurationPlatforms) = postSolution
		{B75E50E4-5D38-4A25-A343-090520B2CF84}.Debug|Any CPU.ActiveCfg = Debug|Any CPU
		{B75E50E4-5D38-4A25-A343-090520B2CF84}.Debug|Any CPU.Build.0 = Debug|Any CPU
		{B75E50E4-5D38-4A25-A343-090520B2CF84}.Release|Any CPU.ActiveCfg = Release|Any CPU
		{B75E50E4-5D38-4A25-A343-090520B2CF84}.Release|Any CPU.Build.0 = Release|Any CPU
	EndGlobalSection
	GlobalSection(SolutionProperties) = preSolution
		HideSolutionNode = FALSE
	EndGlobalSection
	GlobalSection(ExtensibilityGlobals) = postSolution
		SolutionGuid = {9583937A-E073-4079-804A-35D268188317}
	EndGlobalSection
EndGlobal
